PODS:
  - AdaptiveFonts (1.0.3)
  - AdaptivePlus-iOS (0.0.32):
    - AdaptiveFonts (~> 1.0.3)
    - SDWebImage (~> 5.10.4)
  - SDWebImage (5.10.4):
    - SDWebImage/Core (= 5.10.4)
  - SDWebImage/Core (5.10.4)

DEPENDENCIES:
  - AdaptivePlus-iOS (~> 0.0.32)

SPEC REPOS:
  trunk:
    - AdaptiveFonts
    - AdaptivePlus-iOS
    - SDWebImage

SPEC CHECKSUMS:
  AdaptiveFonts: 0740fcaaa57bef5d63dcbd58848289c7f579c6db
  AdaptivePlus-iOS: 691bd512d8bd1f9c999d45c941802eb4b24ac3dc
  SDWebImage: c666b97e1fa9c64b4909816a903322018f0a9c84

PODFILE CHECKSUM: e63b61c5c4267839c3f406c505ae76467bb4e675

COCOAPODS: 1.10.1
