PODS:
  - AdaptivePlus-iOS (0.0.4):
    - SDWebImage (~> 5.10.4)
  - SDWebImage (5.10.4):
    - SDWebImage/Core (= 5.10.4)
  - SDWebImage/Core (5.10.4)

DEPENDENCIES:
  - AdaptivePlus-iOS (~> 0.0.4)

SPEC REPOS:
  trunk:
    - AdaptivePlus-iOS
    - SDWebImage

SPEC CHECKSUMS:
  AdaptivePlus-iOS: 97965db855a93678256b58dbcf72f152dbb44a9d
  SDWebImage: c666b97e1fa9c64b4909816a903322018f0a9c84

PODFILE CHECKSUM: 26835860d304d6ccc4350220bc9083939f266d17

COCOAPODS: 1.10.1
